# This file is generated by running "yarn install" inside your project.
# Manual changes might be lost - proceed with caution!

__metadata:
  version: 6
  cacheKey: 8

"all@npm:^0.0.0":
  version: 0.0.0
  resolution: "all@npm:0.0.0"
  checksum: 08f10db2350cf5ec81cfb151e89493c5e9e6f43263e2a2dcfcf44a99ac60e1f811b37b3fafd249d2dd1cedb88d38dca20ef1996abb3dd1f0e5d0020f61f80d71
  languageName: node
  linkType: hard

"ubiquity-dollar@workspace:.":
  version: 0.0.0-use.local
  resolution: "ubiquity-dollar@workspace:."
  dependencies:
    all: ^0.0.0
  languageName: unknown
  linkType: soft
